
Microsoft Visual Studio Solution File, Format Version 12.00
# Visual Studio 15
VisualStudioVersion = 15.0.26124.0
MinimumVisualStudioVersion = 15.0.26124.0
Project("{FAE04EC0-301F-11D3-BF4B-00C04F79EFBC}") = "PizzaStore.Client", "PizzaStore.Client\PizzaStore.Client.csproj", "{3128604B-4E24-43F5-AA0C-D730B297A44F}"
EndProject
Project("{FAE04EC0-301F-11D3-BF4B-00C04F79EFBC}") = "PizzaStore.Domain", "PizzaStore.Domain\PizzaStore.Domain.csproj", "{91198218-0519-48A0-A214-74B6500A7A4D}"
EndProject
Global
	GlobalSection(SolutionConfigurationPlatforms) = preSolution
		Debug|Any CPU = Debug|Any CPU
		Debug|x64 = Debug|x64
		Debug|x86 = Debug|x86
		Release|Any CPU = Release|Any CPU
		Release|x64 = Release|x64
		Release|x86 = Release|x86
	EndGlobalSection
	GlobalSection(SolutionProperties) = preSolution
		HideSolutionNode = FALSE
	EndGlobalSection
	GlobalSection(ProjectConfigurationPlatforms) = postSolution
		{3128604B-4E24-43F5-AA0C-D730B297A44F}.Debug|Any CPU.ActiveCfg = Debug|Any CPU
		{3128604B-4E24-43F5-AA0C-D730B297A44F}.Debug|Any CPU.Build.0 = Debug|Any CPU
		{3128604B-4E24-43F5-AA0C-D730B297A44F}.Debug|x64.ActiveCfg = Debug|Any CPU
		{3128604B-4E24-43F5-AA0C-D730B297A44F}.Debug|x64.Build.0 = Debug|Any CPU
		{3128604B-4E24-43F5-AA0C-D730B297A44F}.Debug|x86.ActiveCfg = Debug|Any CPU
		{3128604B-4E24-43F5-AA0C-D730B297A44F}.Debug|x86.Build.0 = Debug|Any CPU
		{3128604B-4E24-43F5-AA0C-D730B297A44F}.Release|Any CPU.ActiveCfg = Release|Any CPU
		{3128604B-4E24-43F5-AA0C-D730B297A44F}.Release|Any CPU.Build.0 = Release|Any CPU
		{3128604B-4E24-43F5-AA0C-D730B297A44F}.Release|x64.ActiveCfg = Release|Any CPU
		{3128604B-4E24-43F5-AA0C-D730B297A44F}.Release|x64.Build.0 = Release|Any CPU
		{3128604B-4E24-43F5-AA0C-D730B297A44F}.Release|x86.ActiveCfg = Release|Any CPU
		{3128604B-4E24-43F5-AA0C-D730B297A44F}.Release|x86.Build.0 = Release|Any CPU
		{91198218-0519-48A0-A214-74B6500A7A4D}.Debug|Any CPU.ActiveCfg = Debug|Any CPU
		{91198218-0519-48A0-A214-74B6500A7A4D}.Debug|Any CPU.Build.0 = Debug|Any CPU
		{91198218-0519-48A0-A214-74B6500A7A4D}.Debug|x64.ActiveCfg = Debug|Any CPU
		{91198218-0519-48A0-A214-74B6500A7A4D}.Debug|x64.Build.0 = Debug|Any CPU
		{91198218-0519-48A0-A214-74B6500A7A4D}.Debug|x86.ActiveCfg = Debug|Any CPU
		{91198218-0519-48A0-A214-74B6500A7A4D}.Debug|x86.Build.0 = Debug|Any CPU
		{91198218-0519-48A0-A214-74B6500A7A4D}.Release|Any CPU.ActiveCfg = Release|Any CPU
		{91198218-0519-48A0-A214-74B6500A7A4D}.Release|Any CPU.Build.0 = Release|Any CPU
		{91198218-0519-48A0-A214-74B6500A7A4D}.Release|x64.ActiveCfg = Release|Any CPU
		{91198218-0519-48A0-A214-74B6500A7A4D}.Release|x64.Build.0 = Release|Any CPU
		{91198218-0519-48A0-A214-74B6500A7A4D}.Release|x86.ActiveCfg = Release|Any CPU
		{91198218-0519-48A0-A214-74B6500A7A4D}.Release|x86.Build.0 = Release|Any CPU
	EndGlobalSection
EndGlobal
